// !$*UTF8*$!
{
	archiveVersion = 1;
	classes = {
	};
	objectVersion = 50;
	objects = {

/* Begin PBXBuildFile section */
		345FEBC025E7FC0100CF712E /* AppDelegate.swift in Sources */ = {isa = PBXBuildFile; fileRef = 345FEBBF25E7FC0100CF712E /* AppDelegate.swift */; };
		345FEBC225E7FC0100CF712E /* SceneDelegate.swift in Sources */ = {isa = PBXBuildFile; fileRef = 345FEBC125E7FC0100CF712E /* SceneDelegate.swift */; };
		345FEBC425E7FC0100CF712E /* ToDoListViewController.swift in Sources */ = {isa = PBXBuildFile; fileRef = 345FEBC325E7FC0100CF712E /* ToDoListViewController.swift */; };
		345FEBC725E7FC0100CF712E /* Main.storyboard in Resources */ = {isa = PBXBuildFile; fileRef = 345FEBC525E7FC0100CF712E /* Main.storyboard */; };
		345FEBC925E7FC0400CF712E /* Assets.xcassets in Resources */ = {isa = PBXBuildFile; fileRef = 345FEBC825E7FC0400CF712E /* Assets.xcassets */; };
		345FEBCC25E7FC0400CF712E /* LaunchScreen.storyboard in Resources */ = {isa = PBXBuildFile; fileRef = 345FEBCA25E7FC0400CF712E /* LaunchScreen.storyboard */; };
		347F799725ED4E3900E7D9B1 /* ToDoItem.swift in Sources */ = {isa = PBXBuildFile; fileRef = 347F799625ED4E3900E7D9B1 /* ToDoItem.swift */; };
		3484DA9825F58C6000A2CECD /* ListTableViewCell.swift in Sources */ = {isa = PBXBuildFile; fileRef = 3484DA9725F58C6000A2CECD /* ListTableViewCell.swift */; };
		34C2EF6325EC65FD00D7042B /* ToDoDetailTableViewController.swift in Sources */ = {isa = PBXBuildFile; fileRef = 34C2EF6225EC65FD00D7042B /* ToDoDetailTableViewController.swift */; };
/* End PBXBuildFile section */

/* Begin PBXFileReference section */
		345FEBBC25E7FC0100CF712E /* ToDoList.app */ = {isa = PBXFileReference; explicitFileType = wrapper.application; includeInIndex = 0; path = ToDoList.app; sourceTree = BUILT_PRODUCTS_DIR; };
		345FEBBF25E7FC0100CF712E /* AppDelegate.swift */ = {isa = PBXFileReference; lastKnownFileType = sourcecode.swift; path = AppDelegate.swift; sourceTree = "<group>"; };
		345FEBC125E7FC0100CF712E /* SceneDelegate.swift */ = {isa = PBXFileReference; lastKnownFileType = sourcecode.swift; path = SceneDelegate.swift; sourceTree = "<group>"; };
		345FEBC325E7FC0100CF712E /* ToDoListViewController.swift */ = {isa = PBXFileReference; lastKnownFileType = sourcecode.swift; path = ToDoListViewController.swift; sourceTree = "<group>"; };
		345FEBC625E7FC0100CF712E /* Base */ = {isa = PBXFileReference; lastKnownFileType = file.storyboard; name = Base; path = Base.lproj/Main.storyboard; sourceTree = "<group>"; };
		345FEBC825E7FC0400CF712E /* Assets.xcassets */ = {isa = PBXFileReference; lastKnownFileType = folder.assetcatalog; path = Assets.xcassets; sourceTree = "<group>"; };
		345FEBCB25E7FC0400CF712E /* Base */ = {isa = PBXFileReference; lastKnownFileType = file.storyboard; name = Base; path = Base.lproj/LaunchScreen.storyboard; sourceTree = "<group>"; };
		345FEBCD25E7FC0400CF712E /* Info.plist */ = {isa = PBXFileReference; lastKnownFileType = text.plist.xml; path = Info.plist; sourceTree = "<group>"; };
		347F799625ED4E3900E7D9B1 /* ToDoItem.swift */ = {isa = PBXFileReference; lastKnownFileType = sourcecode.swift; path = ToDoItem.swift; sourceTree = "<group>"; };
		3484DA9725F58C6000A2CECD /* ListTableViewCell.swift */ = {isa = PBXFileReference; lastKnownFileType = sourcecode.swift; path = ListTableViewCell.swift; sourceTree = "<group>"; };
		34C2EF6225EC65FD00D7042B /* ToDoDetailTableViewController.swift */ = {isa = PBXFileReference; lastKnownFileType = sourcecode.swift; path = ToDoDetailTableViewController.swift; sourceTree = "<group>"; };
/* End PBXFileReference section */

/* Begin PBXFrameworksBuildPhase section */
		345FEBB925E7FC0100CF712E /* Frameworks */ = {
			isa = PBXFrameworksBuildPhase;
			buildActionMask = 2147483647;
			files = (
			);
			runOnlyForDeploymentPostprocessing = 0;
		};
/* End PBXFrameworksBuildPhase section */

/* Begin PBXGroup section */
		345FEBB325E7FC0100CF712E = {
			isa = PBXGroup;
			children = (
				345FEBBE25E7FC0100CF712E /* ToDoList */,
				345FEBBD25E7FC0100CF712E /* Products */,
			);
			sourceTree = "<group>";
		};
		345FEBBD25E7FC0100CF712E /* Products */ = {
			isa = PBXGroup;
			children = (
				345FEBBC25E7FC0100CF712E /* ToDoList.app */,
			);
			name = Products;
			sourceTree = "<group>";
		};
		345FEBBE25E7FC0100CF712E /* ToDoList */ = {
			isa = PBXGroup;
			children = (
				345FEBBF25E7FC0100CF712E /* AppDelegate.swift */,
				345FEBC125E7FC0100CF712E /* SceneDelegate.swift */,
				347F799625ED4E3900E7D9B1 /* ToDoItem.swift */,
				345FEBC325E7FC0100CF712E /* ToDoListViewController.swift */,
				34C2EF6225EC65FD00D7042B /* ToDoDetailTableViewController.swift */,
				3484DA9725F58C6000A2CECD /* ListTableViewCell.swift */,
				345FEBC525E7FC0100CF712E /* Main.storyboard */,
				345FEBC825E7FC0400CF712E /* Assets.xcassets */,
				345FEBCA25E7FC0400CF712E /* LaunchScreen.storyboard */,
				345FEBCD25E7FC0400CF712E /* Info.plist */,
			);
			path = ToDoList;
			sourceTree = "<group>";
		};
/* End PBXGroup section */

/* Begin PBXNativeTarget section */
		345FEBBB25E7FC0100CF712E /* ToDoList */ = {
			isa = PBXNativeTarget;
			buildConfigurationList = 345FEBD025E7FC0400CF712E /* Build configuration list for PBXNativeTarget "ToDoList" */;
			buildPhases = (
				345FEBB825E7FC0100CF712E /* Sources */,
				345FEBB925E7FC0100CF712E /* Frameworks */,
				345FEBBA25E7FC0100CF712E /* Resources */,
			);
			buildRules = (
			);
			dependencies = (
			);
			name = ToDoList;
			productName = ToDoList;
			productReference = 345FEBBC25E7FC0100CF712E /* ToDoList.app */;
			productType = "com.apple.product-type.application";
		};
/* End PBXNativeTarget section */

/* Begin PBXProject section */
		345FEBB425E7FC0100CF712E /* Project object */ = {
			isa = PBXProject;
			attributes = {
				LastSwiftUpdateCheck = 1240;
				LastUpgradeCheck = 1240;
				TargetAttributes = {
					345FEBBB25E7FC0100CF712E = {
						CreatedOnToolsVersion = 12.4;
					};
				};
			};
			buildConfigurationList = 345FEBB725E7FC0100CF712E /* Build configuration list for PBXProject "ToDoList" */;
			compatibilityVersion = "Xcode 9.3";
			developmentRegion = en;
			hasScannedForEncodings = 0;
			knownRegions = (
				en,
				Base,
			);
			mainGroup = 345FEBB325E7FC0100CF712E;
			productRefGroup = 345FEBBD25E7FC0100CF712E /* Products */;
			projectDirPath = "";
			projectRoot = "";
			targets = (
				345FEBBB25E7FC0100CF712E /* ToDoList */,
			);
		};
/* End PBXProject section */

/* Begin PBXResourcesBuildPhase section */
		345FEBBA25E7FC0100CF712E /* Resources */ = {
			isa = PBXResourcesBuildPhase;
			buildActionMask = 2147483647;
			files = (
				345FEBCC25E7FC0400CF712E /* LaunchScreen.storyboard in Resources */,
				345FEBC925E7FC0400CF712E /* Assets.xcassets in Resources */,
				345FEBC725E7FC0100CF712E /* Main.storyboard in Resources */,
			);
			runOnlyForDeploymentPostprocessing = 0;
		};
/* End PBXResourcesBuildPhase section */

/* Begin PBXSourcesBuildPhase section */
		345FEBB825E7FC0100CF712E /* Sources */ = {
			isa = PBXSourcesBuildPhase;
			buildActionMask = 2147483647;
			files = (
				345FEBC425E7FC0100CF712E /* ToDoListViewController.swift in Sources */,
				345FEBC025E7FC0100CF712E /* AppDelegate.swift in Sources */,
				347F799725ED4E3900E7D9B1 /* ToDoItem.swift in Sources */,
				34C2EF6325EC65FD00D7042B /* ToDoDetailTableViewController.swift in Sources */,
				345FEBC225E7FC0100CF712E /* SceneDelegate.swift in Sources */,
				3484DA9825F58C6000A2CECD /* ListTableViewCell.swift in Sources */,
			);
			runOnlyForDeploymentPostprocessing = 0;
		};
/* End PBXSourcesBuildPhase section */

/* Begin PBXVariantGroup section */
		345FEBC525E7FC0100CF712E /* Main.storyboard */ = {
			isa = PBXVariantGroup;
			children = (
				345FEBC625E7FC0100CF712E /* Base */,
			);
			name = Main.storyboard;
			sourceTree = "<group>";
		};
		345FEBCA25E7FC0400CF712E /* LaunchScreen.storyboard */ = {
			isa = PBXVariantGroup;
			children = (
				345FEBCB25E7FC0400CF712E /* Base */,
			);
			name = LaunchScreen.storyboard;
			sourceTree = "<group>";
		};
/* End PBXVariantGroup section */

/* Begin XCBuildConfiguration section */
		345FEBCE25E7FC0400CF712E /* Debug */ = {
			isa = XCBuildConfiguration;
			buildSettings = {
				ALWAYS_SEARCH_USER_PATHS = NO;
				CLANG_ANALYZER_NONNULL = YES;
				CLANG_ANALYZER_NUMBER_OBJECT_CONVERSION = YES_AGGRESSIVE;
				CLANG_CXX_LANGUAGE_STANDARD = "gnu++14";
				CLANG_CXX_LIBRARY = "libc++";
				CLANG_ENABLE_MODULES = YES;
				CLANG_ENABLE_OBJC_ARC = YES;
				CLANG_ENABLE_OBJC_WEAK = YES;
				CLANG_WARN_BLOCK_CAPTURE_AUTORELEASING = YES;
				CLANG_WARN_BOOL_CONVERSION = YES;
				CLANG_WARN_COMMA = YES;
				CLANG_WARN_CONSTANT_CONVERSION = YES;
				CLANG_WARN_DEPRECATED_OBJC_IMPLEMENTATIONS = YES;
				CLANG_WARN_DIRECT_OBJC_ISA_USAGE = YES_ERROR;
				CLANG_WARN_DOCUMENTATION_COMMENTS = YES;
				CLANG_WARN_EMPTY_BODY = YES;
				CLANG_WARN_ENUM_CONVERSION = YES;
				CLANG_WARN_INFINITE_RECURSION = YES;
				CLANG_WARN_INT_CONVERSION = YES;
				CLANG_WARN_NON_LITERAL_NULL_CONVERSION = YES;
				CLANG_WARN_OBJC_IMPLICIT_RETAIN_SELF = YES;
				CLANG_WARN_OBJC_LITERAL_CONVERSION = YES;
				CLANG_WARN_OBJC_ROOT_CLASS = YES_ERROR;
				CLANG_WARN_QUOTED_INCLUDE_IN_FRAMEWORK_HEADER = YES;
				CLANG_WARN_RANGE_LOOP_ANALYSIS = YES;
				CLANG_WARN_STRICT_PROTOTYPES = YES;
				CLANG_WARN_SUSPICIOUS_MOVE = YES;
				CLANG_WARN_UNGUARDED_AVAILABILITY = YES_AGGRESSIVE;
				CLANG_WARN_UNREACHABLE_CODE = YES;
				CLANG_WARN__DUPLICATE_METHOD_MATCH = YES;
				COPY_PHASE_STRIP = NO;
				DEBUG_INFORMATION_FORMAT = dwarf;
				ENABLE_STRICT_OBJC_MSGSEND = YES;
				ENABLE_TESTABILITY = YES;
				GCC_C_LANGUAGE_STANDARD = gnu11;
				GCC_DYNAMIC_NO_PIC = NO;
				GCC_NO_COMMON_BLOCKS = YES;
				GCC_OPTIMIZATION_LEVEL = 0;
				GCC_PREPROCESSOR_DEFINITIONS = (
					"DEBUG=1",
					"$(inherited)",
				);
				GCC_WARN_64_TO_32_BIT_CONVERSION = YES;
				GCC_WARN_ABOUT_RETURN_TYPE = YES_ERROR;
				GCC_WARN_UNDECLARED_SELECTOR = YES;
				GCC_WARN_UNINITIALIZED_AUTOS = YES_AGGRESSIVE;
				GCC_WARN_UNUSED_FUNCTION = YES;
				GCC_WARN_UNUSED_VARIABLE = YES;
				IPHONEOS_DEPLOYMENT_TARGET = 14.4;
				MTL_ENABLE_DEBUG_INFO = INCLUDE_SOURCE;
				MTL_FAST_MATH = YES;
				ONLY_ACTIVE_ARCH = YES;
				SDKROOT = iphoneos;
				SWIFT_ACTIVE_COMPILATION_CONDITIONS = DEBUG;
				SWIFT_OPTIMIZATION_LEVEL = "-Onone";
			};
			name = Debug;
		};
		345FEBCF25E7FC0400CF712E /* Release */ = {
			isa = XCBuildConfiguration;
			buildSettings = {
				ALWAYS_SEARCH_USER_PATHS = NO;
				CLANG_ANALYZER_NONNULL = YES;
				CLANG_ANALYZER_NUMBER_OBJECT_CONVERSION = YES_AGGRESSIVE;
				CLANG_CXX_LANGUAGE_STANDARD = "gnu++14";
				CLANG_CXX_LIBRARY = "libc++";
				CLANG_ENABLE_MODULES = YES;
				CLANG_ENABLE_OBJC_ARC = YES;
				CLANG_ENABLE_OBJC_WEAK = YES;
				CLANG_WARN_BLOCK_CAPTURE_AUTORELEASING = YES;
				CLANG_WARN_BOOL_CONVERSION = YES;
				CLANG_WARN_COMMA = YES;
				CLANG_WARN_CONSTANT_CONVERSION = YES;
				CLANG_WARN_DEPRECATED_OBJC_IMPLEMENTATIONS = YES;
				CLANG_WARN_DIRECT_OBJC_ISA_USAGE = YES_ERROR;
				CLANG_WARN_DOCUMENTATION_COMMENTS = YES;
				CLANG_WARN_EMPTY_BODY = YES;
				CLANG_WARN_ENUM_CONVERSION = YES;
				CLANG_WARN_INFINITE_RECURSION = YES;
				CLANG_WARN_INT_CONVERSION = YES;
				CLANG_WARN_NON_LITERAL_NULL_CONVERSION = YES;
				CLANG_WARN_OBJC_IMPLICIT_RETAIN_SELF = YES;
				CLANG_WARN_OBJC_LITERAL_CONVERSION = YES;
				CLANG_WARN_OBJC_ROOT_CLASS = YES_ERROR;
				CLANG_WARN_QUOTED_INCLUDE_IN_FRAMEWORK_HEADER = YES;
				CLANG_WARN_RANGE_LOOP_ANALYSIS = YES;
				CLANG_WARN_STRICT_PROTOTYPES = YES;
				CLANG_WARN_SUSPICIOUS_MOVE = YES;
				CLANG_WARN_UNGUARDED_AVAILABILITY = YES_AGGRESSIVE;
				CLANG_WARN_UNREACHABLE_CODE = YES;
				CLANG_WARN__DUPLICATE_METHOD_MATCH = YES;
				COPY_PHASE_STRIP = NO;
				DEBUG_INFORMATION_FORMAT = "dwarf-with-dsym";
				ENABLE_NS_ASSERTIONS = NO;
				ENABLE_STRICT_OBJC_MSGSEND = YES;
				GCC_C_LANGUAGE_STANDARD = gnu11;
				GCC_NO_COMMON_BLOCKS = YES;
				GCC_WARN_64_TO_32_BIT_CONVERSION = YES;
				GCC_WARN_ABOUT_RETURN_TYPE = YES_ERROR;
				GCC_WARN_UNDECLARED_SELECTOR = YES;
				GCC_WARN_UNINITIALIZED_AUTOS = YES_AGGRESSIVE;
				GCC_WARN_UNUSED_FUNCTION = YES;
				GCC_WARN_UNUSED_VARIABLE = YES;
				IPHONEOS_DEPLOYMENT_TARGET = 14.4;
				MTL_ENABLE_DEBUG_INFO = NO;
				MTL_FAST_MATH = YES;
				SDKROOT = iphoneos;
				SWIFT_COMPILATION_MODE = wholemodule;
				SWIFT_OPTIMIZATION_LEVEL = "-O";
				VALIDATE_PRODUCT = YES;
			};
			name = Release;
		};
		345FEBD125E7FC0400CF712E /* Debug */ = {
			isa = XCBuildConfiguration;
			buildSettings = {
				ASSETCATALOG_COMPILER_APPICON_NAME = AppIcon;
				ASSETCATALOG_COMPILER_GLOBAL_ACCENT_COLOR_NAME = AccentColor;
				CODE_SIGN_STYLE = Automatic;
				DEVELOPMENT_TEAM = MCYNY78D65;
				INFOPLIST_FILE = ToDoList/Info.plist;
				LD_RUNPATH_SEARCH_PATHS = (
					"$(inherited)",
					"@executable_path/Frameworks",
				);
				PRODUCT_BUNDLE_IDENTIFIER = com.TerryZ.ToDoList;
				PRODUCT_NAME = "$(TARGET_NAME)";
				SWIFT_VERSION = 5.0;
				TARGETED_DEVICE_FAMILY = "1,2";
			};
			name = Debug;
		};
		345FEBD225E7FC0400CF712E /* Release */ = {
			isa = XCBuildConfiguration;
			buildSettings = {
				ASSETCATALOG_COMPILER_APPICON_NAME = AppIcon;
				ASSETCATALOG_COMPILER_GLOBAL_ACCENT_COLOR_NAME = AccentColor;
				CODE_SIGN_STYLE = Automatic;
				DEVELOPMENT_TEAM = MCYNY78D65;
				INFOPLIST_FILE = ToDoList/Info.plist;
				LD_RUNPATH_SEARCH_PATHS = (
					"$(inherited)",
					"@executable_path/Frameworks",
				);
				PRODUCT_BUNDLE_IDENTIFIER = com.TerryZ.ToDoList;
				PRODUCT_NAME = "$(TARGET_NAME)";
				SWIFT_VERSION = 5.0;
				TARGETED_DEVICE_FAMILY = "1,2";
			};
			name = Release;
		};
/* End XCBuildConfiguration section */

/* Begin XCConfigurationList section */
		345FEBB725E7FC0100CF712E /* Build configuration list for PBXProject "ToDoList" */ = {
			isa = XCConfigurationList;
			buildConfigurations = (
				345FEBCE25E7FC0400CF712E /* Debug */,
				345FEBCF25E7FC0400CF712E /* Release */,
			);
			defaultConfigurationIsVisible = 0;
			defaultConfigurationName = Release;
		};
		345FEBD025E7FC0400CF712E /* Build configuration list for PBXNativeTarget "ToDoList" */ = {
			isa = XCConfigurationList;
			buildConfigurations = (
				345FEBD125E7FC0400CF712E /* Debug */,
				345FEBD225E7FC0400CF712E /* Release */,
			);
			defaultConfigurationIsVisible = 0;
			defaultConfigurationName = Release;
		};
/* End XCConfigurationList section */
	};
	rootObject = 345FEBB425E7FC0100CF712E /* Project object */;
}
